
Microsoft Visual Studio Solution File, Format Version 12.00
# Visual Studio Version 17
VisualStudioVersion = 17.5.33516.290
MinimumVisualStudioVersion = 10.0.40219.1
Project("{FAE04EC0-301F-11D3-BF4B-00C04F79EFBC}") = "Temperatures", "Temperatures\Temperatures.csproj", "{C250F503-E851-4D4C-B251-06A7AFCBE9AB}"
EndProject
Global
	GlobalSection(SolutionConfigurationPlatforms) = preSolution
		Debug|Any CPU = Debug|Any CPU
		Release|Any CPU = Release|Any CPU
	EndGlobalSection
	GlobalSection(ProjectConfigurationPlatforms) = postSolution
		{C250F503-E851-4D4C-B251-06A7AFCBE9AB}.Debug|Any CPU.ActiveCfg = Debug|Any CPU
		{C250F503-E851-4D4C-B251-06A7AFCBE9AB}.Debug|Any CPU.Build.0 = Debug|Any CPU
		{C250F503-E851-4D4C-B251-06A7AFCBE9AB}.Release|Any CPU.ActiveCfg = Release|Any CPU
		{C250F503-E851-4D4C-B251-06A7AFCBE9AB}.Release|Any CPU.Build.0 = Release|Any CPU
	EndGlobalSection
	GlobalSection(SolutionProperties) = preSolution
		HideSolutionNode = FALSE
	EndGlobalSection
	GlobalSection(ExtensibilityGlobals) = postSolution
		SolutionGuid = {41BDAB23-3EA9-4109-B6BA-C5656381298B}
	EndGlobalSection
EndGlobal
